
Microsoft Visual Studio Solution File, Format Version 12.00
# Visual Studio Version 16
VisualStudioVersion = 16.0.29613.14
MinimumVisualStudioVersion = 10.0.40219.1
Project("{FAE04EC0-301F-11D3-BF4B-00C04F79EFBC}") = "HelloMVC2020", "HelloMVC2020.csproj", "{1D9D308F-E989-4415-A2F3-E1BFBC9AACD8}"
EndProject
Global
	GlobalSection(SolutionConfigurationPlatforms) = preSolution
		Debug|Any CPU = Debug|Any CPU
		Release|Any CPU = Release|Any CPU
	EndGlobalSection
	GlobalSection(ProjectConfigurationPlatforms) = postSolution
		{1D9D308F-E989-4415-A2F3-E1BFBC9AACD8}.Debug|Any CPU.ActiveCfg = Debug|Any CPU
		{1D9D308F-E989-4415-A2F3-E1BFBC9AACD8}.Debug|Any CPU.Build.0 = Debug|Any CPU
		{1D9D308F-E989-4415-A2F3-E1BFBC9AACD8}.Release|Any CPU.ActiveCfg = Release|Any CPU
		{1D9D308F-E989-4415-A2F3-E1BFBC9AACD8}.Release|Any CPU.Build.0 = Release|Any CPU
	EndGlobalSection
	GlobalSection(SolutionProperties) = preSolution
		HideSolutionNode = FALSE
	EndGlobalSection
	GlobalSection(ExtensibilityGlobals) = postSolution
		SolutionGuid = {8E31B7E2-4FFB-424A-AF10-3BF7ED0B84B3}
	EndGlobalSection
EndGlobal
